
Microsoft Visual Studio Solution File, Format Version 12.00
# Visual Studio Version 17
VisualStudioVersion = 17.3.32819.101
MinimumVisualStudioVersion = 10.0.40219.1
Project("{FAE04EC0-301F-11D3-BF4B-00C04F79EFBC}") = "HW_DLLFIle", "HW_DLLFIle.csproj", "{2B1910EC-C01B-4A06-A478-94B132438EDB}"
EndProject
Global
	GlobalSection(SolutionConfigurationPlatforms) = preSolution
		Debug|Any CPU = Debug|Any CPU
		Release|Any CPU = Release|Any CPU
	EndGlobalSection
	GlobalSection(ProjectConfigurationPlatforms) = postSolution
		{2B1910EC-C01B-4A06-A478-94B132438EDB}.Debug|Any CPU.ActiveCfg = Debug|Any CPU
		{2B1910EC-C01B-4A06-A478-94B132438EDB}.Debug|Any CPU.Build.0 = Debug|Any CPU
		{2B1910EC-C01B-4A06-A478-94B132438EDB}.Release|Any CPU.ActiveCfg = Release|Any CPU
		{2B1910EC-C01B-4A06-A478-94B132438EDB}.Release|Any CPU.Build.0 = Release|Any CPU
	EndGlobalSection
	GlobalSection(SolutionProperties) = preSolution
		HideSolutionNode = FALSE
	EndGlobalSection
	GlobalSection(ExtensibilityGlobals) = postSolution
		SolutionGuid = {C857D35E-4357-4ADE-A1BD-39448A495E4D}
	EndGlobalSection
EndGlobal
